
Microsoft Visual Studio Solution File, Format Version 12.00
# Visual Studio Version 17
VisualStudioVersion = 17.7.34031.279
MinimumVisualStudioVersion = 10.0.40219.1
Project("{FAE04EC0-301F-11D3-BF4B-00C04F79EFBC}") = "Programsss", "Programsss\Programsss.csproj", "{0A29E3E8-66C1-4B65-BAD5-29418D24F1EA}"
EndProject
Global
	GlobalSection(SolutionConfigurationPlatforms) = preSolution
		Debug|Any CPU = Debug|Any CPU
		Release|Any CPU = Release|Any CPU
	EndGlobalSection
	GlobalSection(ProjectConfigurationPlatforms) = postSolution
		{0A29E3E8-66C1-4B65-BAD5-29418D24F1EA}.Debug|Any CPU.ActiveCfg = Debug|Any CPU
		{0A29E3E8-66C1-4B65-BAD5-29418D24F1EA}.Debug|Any CPU.Build.0 = Debug|Any CPU
		{0A29E3E8-66C1-4B65-BAD5-29418D24F1EA}.Release|Any CPU.ActiveCfg = Release|Any CPU
		{0A29E3E8-66C1-4B65-BAD5-29418D24F1EA}.Release|Any CPU.Build.0 = Release|Any CPU
	EndGlobalSection
	GlobalSection(SolutionProperties) = preSolution
		HideSolutionNode = FALSE
	EndGlobalSection
	GlobalSection(ExtensibilityGlobals) = postSolution
		SolutionGuid = {65A54E1C-E603-459A-B880-D4850EB69650}
	EndGlobalSection
EndGlobal
